
Microsoft Visual Studio Solution File, Format Version 12.00
# Visual Studio Version 17
VisualStudioVersion = 17.0.31903.59
MinimumVisualStudioVersion = 10.0.40219.1
Project("{FAE04EC0-301F-11D3-BF4B-00C04F79EFBC}") = "Bunny", "Bunny\Bunny.csproj", "{04E408CA-2251-4693-8163-ED7B4C180DD5}"
EndProject
Project("{FAE04EC0-301F-11D3-BF4B-00C04F79EFBC}") = "Bunny.Tests", "Bunny.Tests\Bunny.Tests.csproj", "{34CC27E5-E44A-40F3-85E1-931CBBF65448}"
EndProject
Global
	GlobalSection(SolutionConfigurationPlatforms) = preSolution
		Debug|Any CPU = Debug|Any CPU
		Debug|x64 = Debug|x64
		Debug|x86 = Debug|x86
		Release|Any CPU = Release|Any CPU
		Release|x64 = Release|x64
		Release|x86 = Release|x86
	EndGlobalSection
	GlobalSection(ProjectConfigurationPlatforms) = postSolution
		{04E408CA-2251-4693-8163-ED7B4C180DD5}.Debug|Any CPU.ActiveCfg = Debug|Any CPU
		{04E408CA-2251-4693-8163-ED7B4C180DD5}.Debug|Any CPU.Build.0 = Debug|Any CPU
		{04E408CA-2251-4693-8163-ED7B4C180DD5}.Debug|x64.ActiveCfg = Debug|Any CPU
		{04E408CA-2251-4693-8163-ED7B4C180DD5}.Debug|x64.Build.0 = Debug|Any CPU
		{04E408CA-2251-4693-8163-ED7B4C180DD5}.Debug|x86.ActiveCfg = Debug|Any CPU
		{04E408CA-2251-4693-8163-ED7B4C180DD5}.Debug|x86.Build.0 = Debug|Any CPU
		{04E408CA-2251-4693-8163-ED7B4C180DD5}.Release|Any CPU.ActiveCfg = Release|Any CPU
		{04E408CA-2251-4693-8163-ED7B4C180DD5}.Release|Any CPU.Build.0 = Release|Any CPU
		{04E408CA-2251-4693-8163-ED7B4C180DD5}.Release|x64.ActiveCfg = Release|Any CPU
		{04E408CA-2251-4693-8163-ED7B4C180DD5}.Release|x64.Build.0 = Release|Any CPU
		{04E408CA-2251-4693-8163-ED7B4C180DD5}.Release|x86.ActiveCfg = Release|Any CPU
		{04E408CA-2251-4693-8163-ED7B4C180DD5}.Release|x86.Build.0 = Release|Any CPU
		{34CC27E5-E44A-40F3-85E1-931CBBF65448}.Debug|Any CPU.ActiveCfg = Debug|Any CPU
		{34CC27E5-E44A-40F3-85E1-931CBBF65448}.Debug|Any CPU.Build.0 = Debug|Any CPU
		{34CC27E5-E44A-40F3-85E1-931CBBF65448}.Debug|x64.ActiveCfg = Debug|Any CPU
		{34CC27E5-E44A-40F3-85E1-931CBBF65448}.Debug|x64.Build.0 = Debug|Any CPU
		{34CC27E5-E44A-40F3-85E1-931CBBF65448}.Debug|x86.ActiveCfg = Debug|Any CPU
		{34CC27E5-E44A-40F3-85E1-931CBBF65448}.Debug|x86.Build.0 = Debug|Any CPU
		{34CC27E5-E44A-40F3-85E1-931CBBF65448}.Release|Any CPU.ActiveCfg = Release|Any CPU
		{34CC27E5-E44A-40F3-85E1-931CBBF65448}.Release|Any CPU.Build.0 = Release|Any CPU
		{34CC27E5-E44A-40F3-85E1-931CBBF65448}.Release|x64.ActiveCfg = Release|Any CPU
		{34CC27E5-E44A-40F3-85E1-931CBBF65448}.Release|x64.Build.0 = Release|Any CPU
		{34CC27E5-E44A-40F3-85E1-931CBBF65448}.Release|x86.ActiveCfg = Release|Any CPU
		{34CC27E5-E44A-40F3-85E1-931CBBF65448}.Release|x86.Build.0 = Release|Any CPU
	EndGlobalSection
	GlobalSection(SolutionProperties) = preSolution
		HideSolutionNode = FALSE
	EndGlobalSection
EndGlobal
